
Microsoft Visual Studio Solution File, Format Version 12.00
# Visual Studio Version 17
VisualStudioVersion = 17.8.34330.188
MinimumVisualStudioVersion = 10.0.40219.1
Project("{9A19103F-16F7-4668-BE54-9A1E7A4F7556}") = "TypeaheadAIWin", "TypeaheadAIWin\TypeaheadAIWin.csproj", "{600CF919-32F2-4880-903A-3A003D337D4E}"
EndProject
Project("{9A19103F-16F7-4668-BE54-9A1E7A4F7556}") = "TypeaheadAIWinTests", "TypeaheadAIWinTests\TypeaheadAIWinTests.csproj", "{D512450D-66DC-4C0C-8B1A-6CD6A739F141}"
EndProject
Project("{C7167F0D-BC9F-4E6E-AFE1-012C56B48DB5}") = "Packager", "Packager\Packager.wapproj", "{EB5FA6E8-7D78-4636-9AE2-C285E661FBB2}"
EndProject
Project("{9A19103F-16F7-4668-BE54-9A1E7A4F7556}") = "TypeaheadWinUI", "..\..\TypeaheadWinUI\TypeaheadWinUI\TypeaheadWinUI.csproj", "{6BE56477-FF7D-4A8A-872E-FE7D62B564AD}"
EndProject
Global
	GlobalSection(SolutionConfigurationPlatforms) = preSolution
		Debug|Any CPU = Debug|Any CPU
		Debug|ARM = Debug|ARM
		Debug|ARM64 = Debug|ARM64
		Debug|x64 = Debug|x64
		Debug|x86 = Debug|x86
		Release|Any CPU = Release|Any CPU
		Release|ARM = Release|ARM
		Release|ARM64 = Release|ARM64
		Release|x64 = Release|x64
		Release|x86 = Release|x86
	EndGlobalSection
	GlobalSection(ProjectConfigurationPlatforms) = postSolution
		{600CF919-32F2-4880-903A-3A003D337D4E}.Debug|Any CPU.ActiveCfg = Debug|Any CPU
		{600CF919-32F2-4880-903A-3A003D337D4E}.Debug|Any CPU.Build.0 = Debug|Any CPU
		{600CF919-32F2-4880-903A-3A003D337D4E}.Debug|ARM.ActiveCfg = Debug|Any CPU
		{600CF919-32F2-4880-903A-3A003D337D4E}.Debug|ARM.Build.0 = Debug|Any CPU
		{600CF919-32F2-4880-903A-3A003D337D4E}.Debug|ARM64.ActiveCfg = Debug|Any CPU
		{600CF919-32F2-4880-903A-3A003D337D4E}.Debug|ARM64.Build.0 = Debug|Any CPU
		{600CF919-32F2-4880-903A-3A003D337D4E}.Debug|x64.ActiveCfg = Debug|Any CPU
		{600CF919-32F2-4880-903A-3A003D337D4E}.Debug|x64.Build.0 = Debug|Any CPU
		{600CF919-32F2-4880-903A-3A003D337D4E}.Debug|x86.ActiveCfg = Debug|Any CPU
		{600CF919-32F2-4880-903A-3A003D337D4E}.Debug|x86.Build.0 = Debug|Any CPU
		{600CF919-32F2-4880-903A-3A003D337D4E}.Release|Any CPU.ActiveCfg = Release|Any CPU
		{600CF919-32F2-4880-903A-3A003D337D4E}.Release|Any CPU.Build.0 = Release|Any CPU
		{600CF919-32F2-4880-903A-3A003D337D4E}.Release|ARM.ActiveCfg = Release|Any CPU
		{600CF919-32F2-4880-903A-3A003D337D4E}.Release|ARM.Build.0 = Release|Any CPU
		{600CF919-32F2-4880-903A-3A003D337D4E}.Release|ARM64.ActiveCfg = Release|Any CPU
		{600CF919-32F2-4880-903A-3A003D337D4E}.Release|ARM64.Build.0 = Release|Any CPU
		{600CF919-32F2-4880-903A-3A003D337D4E}.Release|x64.ActiveCfg = Release|Any CPU
		{600CF919-32F2-4880-903A-3A003D337D4E}.Release|x64.Build.0 = Release|Any CPU
		{600CF919-32F2-4880-903A-3A003D337D4E}.Release|x86.ActiveCfg = Release|Any CPU
		{600CF919-32F2-4880-903A-3A003D337D4E}.Release|x86.Build.0 = Release|Any CPU
		{D512450D-66DC-4C0C-8B1A-6CD6A739F141}.Debug|Any CPU.ActiveCfg = Debug|Any CPU
		{D512450D-66DC-4C0C-8B1A-6CD6A739F141}.Debug|Any CPU.Build.0 = Debug|Any CPU
		{D512450D-66DC-4C0C-8B1A-6CD6A739F141}.Debug|ARM.ActiveCfg = Debug|Any CPU
		{D512450D-66DC-4C0C-8B1A-6CD6A739F141}.Debug|ARM.Build.0 = Debug|Any CPU
		{D512450D-66DC-4C0C-8B1A-6CD6A739F141}.Debug|ARM64.ActiveCfg = Debug|Any CPU
		{D512450D-66DC-4C0C-8B1A-6CD6A739F141}.Debug|ARM64.Build.0 = Debug|Any CPU
		{D512450D-66DC-4C0C-8B1A-6CD6A739F141}.Debug|x64.ActiveCfg = Debug|Any CPU
		{D512450D-66DC-4C0C-8B1A-6CD6A739F141}.Debug|x64.Build.0 = Debug|Any CPU
		{D512450D-66DC-4C0C-8B1A-6CD6A739F141}.Debug|x86.ActiveCfg = Debug|Any CPU
		{D512450D-66DC-4C0C-8B1A-6CD6A739F141}.Debug|x86.Build.0 = Debug|Any CPU
		{D512450D-66DC-4C0C-8B1A-6CD6A739F141}.Release|Any CPU.ActiveCfg = Release|Any CPU
		{D512450D-66DC-4C0C-8B1A-6CD6A739F141}.Release|Any CPU.Build.0 = Release|Any CPU
		{D512450D-66DC-4C0C-8B1A-6CD6A739F141}.Release|ARM.ActiveCfg = Release|Any CPU
		{D512450D-66DC-4C0C-8B1A-6CD6A739F141}.Release|ARM.Build.0 = Release|Any CPU
		{D512450D-66DC-4C0C-8B1A-6CD6A739F141}.Release|ARM64.ActiveCfg = Release|Any CPU
		{D512450D-66DC-4C0C-8B1A-6CD6A739F141}.Release|ARM64.Build.0 = Release|Any CPU
		{D512450D-66DC-4C0C-8B1A-6CD6A739F141}.Release|x64.ActiveCfg = Release|Any CPU
		{D512450D-66DC-4C0C-8B1A-6CD6A739F141}.Release|x64.Build.0 = Release|Any CPU
		{D512450D-66DC-4C0C-8B1A-6CD6A739F141}.Release|x86.ActiveCfg = Release|Any CPU
		{D512450D-66DC-4C0C-8B1A-6CD6A739F141}.Release|x86.Build.0 = Release|Any CPU
		{EB5FA6E8-7D78-4636-9AE2-C285E661FBB2}.Debug|Any CPU.ActiveCfg = Debug|Any CPU
		{EB5FA6E8-7D78-4636-9AE2-C285E661FBB2}.Debug|Any CPU.Build.0 = Debug|Any CPU
		{EB5FA6E8-7D78-4636-9AE2-C285E661FBB2}.Debug|Any CPU.Deploy.0 = Debug|Any CPU
		{EB5FA6E8-7D78-4636-9AE2-C285E661FBB2}.Debug|ARM.ActiveCfg = Debug|ARM
		{EB5FA6E8-7D78-4636-9AE2-C285E661FBB2}.Debug|ARM.Build.0 = Debug|ARM
		{EB5FA6E8-7D78-4636-9AE2-C285E661FBB2}.Debug|ARM.Deploy.0 = Debug|ARM
		{EB5FA6E8-7D78-4636-9AE2-C285E661FBB2}.Debug|ARM64.ActiveCfg = Debug|ARM64
		{EB5FA6E8-7D78-4636-9AE2-C285E661FBB2}.Debug|ARM64.Build.0 = Debug|ARM64
		{EB5FA6E8-7D78-4636-9AE2-C285E661FBB2}.Debug|ARM64.Deploy.0 = Debug|ARM64
		{EB5FA6E8-7D78-4636-9AE2-C285E661FBB2}.Debug|x64.ActiveCfg = Debug|x64
		{EB5FA6E8-7D78-4636-9AE2-C285E661FBB2}.Debug|x64.Build.0 = Debug|x64
		{EB5FA6E8-7D78-4636-9AE2-C285E661FBB2}.Debug|x64.Deploy.0 = Debug|x64
		{EB5FA6E8-7D78-4636-9AE2-C285E661FBB2}.Debug|x86.ActiveCfg = Debug|x86
		{EB5FA6E8-7D78-4636-9AE2-C285E661FBB2}.Debug|x86.Build.0 = Debug|x86
		{EB5FA6E8-7D78-4636-9AE2-C285E661FBB2}.Debug|x86.Deploy.0 = Debug|x86
		{EB5FA6E8-7D78-4636-9AE2-C285E661FBB2}.Release|Any CPU.ActiveCfg = Release|Any CPU
		{EB5FA6E8-7D78-4636-9AE2-C285E661FBB2}.Release|Any CPU.Build.0 = Release|Any CPU
		{EB5FA6E8-7D78-4636-9AE2-C285E661FBB2}.Release|Any CPU.Deploy.0 = Release|Any CPU
		{EB5FA6E8-7D78-4636-9AE2-C285E661FBB2}.Release|ARM.ActiveCfg = Release|ARM
		{EB5FA6E8-7D78-4636-9AE2-C285E661FBB2}.Release|ARM.Build.0 = Release|ARM
		{EB5FA6E8-7D78-4636-9AE2-C285E661FBB2}.Release|ARM.Deploy.0 = Release|ARM
		{EB5FA6E8-7D78-4636-9AE2-C285E661FBB2}.Release|ARM64.ActiveCfg = Release|ARM64
		{EB5FA6E8-7D78-4636-9AE2-C285E661FBB2}.Release|ARM64.Build.0 = Release|ARM64
		{EB5FA6E8-7D78-4636-9AE2-C285E661FBB2}.Release|ARM64.Deploy.0 = Release|ARM64
		{EB5FA6E8-7D78-4636-9AE2-C285E661FBB2}.Release|x64.ActiveCfg = Release|x64
		{EB5FA6E8-7D78-4636-9AE2-C285E661FBB2}.Release|x64.Build.0 = Release|x64
		{EB5FA6E8-7D78-4636-9AE2-C285E661FBB2}.Release|x64.Deploy.0 = Release|x64
		{EB5FA6E8-7D78-4636-9AE2-C285E661FBB2}.Release|x86.ActiveCfg = Release|x86
		{EB5FA6E8-7D78-4636-9AE2-C285E661FBB2}.Release|x86.Build.0 = Release|x86
		{EB5FA6E8-7D78-4636-9AE2-C285E661FBB2}.Release|x86.Deploy.0 = Release|x86
		{6BE56477-FF7D-4A8A-872E-FE7D62B564AD}.Debug|Any CPU.ActiveCfg = Debug|x64
		{6BE56477-FF7D-4A8A-872E-FE7D62B564AD}.Debug|Any CPU.Build.0 = Debug|x64
		{6BE56477-FF7D-4A8A-872E-FE7D62B564AD}.Debug|Any CPU.Deploy.0 = Debug|x64
		{6BE56477-FF7D-4A8A-872E-FE7D62B564AD}.Debug|ARM.ActiveCfg = Debug|x64
		{6BE56477-FF7D-4A8A-872E-FE7D62B564AD}.Debug|ARM.Build.0 = Debug|x64
		{6BE56477-FF7D-4A8A-872E-FE7D62B564AD}.Debug|ARM.Deploy.0 = Debug|x64
		{6BE56477-FF7D-4A8A-872E-FE7D62B564AD}.Debug|ARM64.ActiveCfg = Debug|ARM64
		{6BE56477-FF7D-4A8A-872E-FE7D62B564AD}.Debug|ARM64.Build.0 = Debug|ARM64
		{6BE56477-FF7D-4A8A-872E-FE7D62B564AD}.Debug|ARM64.Deploy.0 = Debug|ARM64
		{6BE56477-FF7D-4A8A-872E-FE7D62B564AD}.Debug|x64.ActiveCfg = Debug|x64
		{6BE56477-FF7D-4A8A-872E-FE7D62B564AD}.Debug|x64.Build.0 = Debug|x64
		{6BE56477-FF7D-4A8A-872E-FE7D62B564AD}.Debug|x64.Deploy.0 = Debug|x64
		{6BE56477-FF7D-4A8A-872E-FE7D62B564AD}.Debug|x86.ActiveCfg = Debug|x86
		{6BE56477-FF7D-4A8A-872E-FE7D62B564AD}.Debug|x86.Build.0 = Debug|x86
		{6BE56477-FF7D-4A8A-872E-FE7D62B564AD}.Debug|x86.Deploy.0 = Debug|x86
		{6BE56477-FF7D-4A8A-872E-FE7D62B564AD}.Release|Any CPU.ActiveCfg = Release|x64
		{6BE56477-FF7D-4A8A-872E-FE7D62B564AD}.Release|Any CPU.Build.0 = Release|x64
		{6BE56477-FF7D-4A8A-872E-FE7D62B564AD}.Release|Any CPU.Deploy.0 = Release|x64
		{6BE56477-FF7D-4A8A-872E-FE7D62B564AD}.Release|ARM.ActiveCfg = Release|x64
		{6BE56477-FF7D-4A8A-872E-FE7D62B564AD}.Release|ARM.Build.0 = Release|x64
		{6BE56477-FF7D-4A8A-872E-FE7D62B564AD}.Release|ARM.Deploy.0 = Release|x64
		{6BE56477-FF7D-4A8A-872E-FE7D62B564AD}.Release|ARM64.ActiveCfg = Release|ARM64
		{6BE56477-FF7D-4A8A-872E-FE7D62B564AD}.Release|ARM64.Build.0 = Release|ARM64
		{6BE56477-FF7D-4A8A-872E-FE7D62B564AD}.Release|ARM64.Deploy.0 = Release|ARM64
		{6BE56477-FF7D-4A8A-872E-FE7D62B564AD}.Release|x64.ActiveCfg = Release|x64
		{6BE56477-FF7D-4A8A-872E-FE7D62B564AD}.Release|x64.Build.0 = Release|x64
		{6BE56477-FF7D-4A8A-872E-FE7D62B564AD}.Release|x64.Deploy.0 = Release|x64
		{6BE56477-FF7D-4A8A-872E-FE7D62B564AD}.Release|x86.ActiveCfg = Release|x86
		{6BE56477-FF7D-4A8A-872E-FE7D62B564AD}.Release|x86.Build.0 = Release|x86
		{6BE56477-FF7D-4A8A-872E-FE7D62B564AD}.Release|x86.Deploy.0 = Release|x86
	EndGlobalSection
	GlobalSection(SolutionProperties) = preSolution
		HideSolutionNode = FALSE
	EndGlobalSection
	GlobalSection(ExtensibilityGlobals) = postSolution
		SolutionGuid = {37433E1B-69EF-4C17-A0C1-D52EF8B5C20B}
	EndGlobalSection
EndGlobal
